
Microsoft Visual Studio Solution File, Format Version 12.00
# Visual Studio Version 16
VisualStudioVersion = 16.0.28803.156
MinimumVisualStudioVersion = 10.0.40219.1
Project("{FAE04EC0-301F-11D3-BF4B-00C04F79EFBC}") = "Producer.WinForm", "Producer.WinForm.csproj", "{931FF214-FC8A-45AF-A309-472F5364415C}"
EndProject
Project("{FAE04EC0-301F-11D3-BF4B-00C04F79EFBC}") = "Consume.ConsoleApp", "..\Consume.ConsoleApp\Consume.ConsoleApp.csproj", "{2CF15080-CD29-4188-A7FD-BA6F5A60FB72}"
EndProject
Global
	GlobalSection(SolutionConfigurationPlatforms) = preSolution
		Debug|Any CPU = Debug|Any CPU
		Release|Any CPU = Release|Any CPU
	EndGlobalSection
	GlobalSection(ProjectConfigurationPlatforms) = postSolution
		{931FF214-FC8A-45AF-A309-472F5364415C}.Debug|Any CPU.ActiveCfg = Debug|Any CPU
		{931FF214-FC8A-45AF-A309-472F5364415C}.Debug|Any CPU.Build.0 = Debug|Any CPU
		{931FF214-FC8A-45AF-A309-472F5364415C}.Release|Any CPU.ActiveCfg = Release|Any CPU
		{931FF214-FC8A-45AF-A309-472F5364415C}.Release|Any CPU.Build.0 = Release|Any CPU
		{2CF15080-CD29-4188-A7FD-BA6F5A60FB72}.Debug|Any CPU.ActiveCfg = Debug|Any CPU
		{2CF15080-CD29-4188-A7FD-BA6F5A60FB72}.Debug|Any CPU.Build.0 = Debug|Any CPU
		{2CF15080-CD29-4188-A7FD-BA6F5A60FB72}.Release|Any CPU.ActiveCfg = Release|Any CPU
		{2CF15080-CD29-4188-A7FD-BA6F5A60FB72}.Release|Any CPU.Build.0 = Release|Any CPU
	EndGlobalSection
	GlobalSection(SolutionProperties) = preSolution
		HideSolutionNode = FALSE
	EndGlobalSection
	GlobalSection(ExtensibilityGlobals) = postSolution
		SolutionGuid = {92EBD26F-02B9-46B7-BE2C-B52C519EA7FF}
	EndGlobalSection
EndGlobal
